
Microsoft Visual Studio Solution File, Format Version 12.00
# Visual Studio Version 16
VisualStudioVersion = 16.0.31515.178
MinimumVisualStudioVersion = 10.0.40219.1
Project("{FAE04EC0-301F-11D3-BF4B-00C04F79EFBC}") = "InstantDegree", "InstantDegree\InstantDegree.csproj", "{3F284370-E69C-442D-8DF3-7385777A706E}"
EndProject
Global
	GlobalSection(SolutionConfigurationPlatforms) = preSolution
		Debug|Any CPU = Debug|Any CPU
		Release|Any CPU = Release|Any CPU
	EndGlobalSection
	GlobalSection(ProjectConfigurationPlatforms) = postSolution
		{3F284370-E69C-442D-8DF3-7385777A706E}.Debug|Any CPU.ActiveCfg = Debug|Any CPU
		{3F284370-E69C-442D-8DF3-7385777A706E}.Debug|Any CPU.Build.0 = Debug|Any CPU
		{3F284370-E69C-442D-8DF3-7385777A706E}.Release|Any CPU.ActiveCfg = Release|Any CPU
		{3F284370-E69C-442D-8DF3-7385777A706E}.Release|Any CPU.Build.0 = Release|Any CPU
	EndGlobalSection
	GlobalSection(SolutionProperties) = preSolution
		HideSolutionNode = FALSE
	EndGlobalSection
	GlobalSection(ExtensibilityGlobals) = postSolution
		SolutionGuid = {E29396DA-6389-4DAC-BDF4-C9C781A7301C}
	EndGlobalSection
EndGlobal
